
Microsoft Visual Studio Solution File, Format Version 12.00
# Visual Studio Version 16
VisualStudioVersion = 16.0.31005.135
MinimumVisualStudioVersion = 10.0.40219.1
Project("{FAE04EC0-301F-11D3-BF4B-00C04F79EFBC}") = "Super-Mario-3d-World-Mod-Downloader", "Super-Mario-3d-World-Mod-Downloader\Super-Mario-3d-World-Mod-Downloader.csproj", "{174284CF-AF9A-4E95-888B-83CA9605D136}"
EndProject
Project("{FAE04EC0-301F-11D3-BF4B-00C04F79EFBC}") = "3DW-Keys", "..\3DW-Keys\3DW-Keys\3DW-Keys.csproj", "{5C992189-F4CA-49B2-A861-C19AEAAB3A28}"
EndProject
Global
	GlobalSection(SolutionConfigurationPlatforms) = preSolution
		Debug|Any CPU = Debug|Any CPU
		Release|Any CPU = Release|Any CPU
	EndGlobalSection
	GlobalSection(ProjectConfigurationPlatforms) = postSolution
		{174284CF-AF9A-4E95-888B-83CA9605D136}.Debug|Any CPU.ActiveCfg = Release|Any CPU
		{174284CF-AF9A-4E95-888B-83CA9605D136}.Debug|Any CPU.Build.0 = Release|Any CPU
		{174284CF-AF9A-4E95-888B-83CA9605D136}.Release|Any CPU.ActiveCfg = Release|Any CPU
		{174284CF-AF9A-4E95-888B-83CA9605D136}.Release|Any CPU.Build.0 = Release|Any CPU
		{5C992189-F4CA-49B2-A861-C19AEAAB3A28}.Debug|Any CPU.ActiveCfg = Debug|Any CPU
		{5C992189-F4CA-49B2-A861-C19AEAAB3A28}.Debug|Any CPU.Build.0 = Debug|Any CPU
		{5C992189-F4CA-49B2-A861-C19AEAAB3A28}.Release|Any CPU.ActiveCfg = Release|Any CPU
		{5C992189-F4CA-49B2-A861-C19AEAAB3A28}.Release|Any CPU.Build.0 = Release|Any CPU
	EndGlobalSection
	GlobalSection(SolutionProperties) = preSolution
		HideSolutionNode = FALSE
	EndGlobalSection
	GlobalSection(ExtensibilityGlobals) = postSolution
		SolutionGuid = {66781134-945E-447E-B0D4-7E9AB461ED38}
	EndGlobalSection
EndGlobal
